
Microsoft Visual Studio Solution File, Format Version 12.00
# Visual Studio Version 17
VisualStudioVersion = 17.2.32630.192
MinimumVisualStudioVersion = 10.0.40219.1
Project("{FAE04EC0-301F-11D3-BF4B-00C04F79EFBC}") = "GenHelperBlazor", "GenHelperBlazor\GenHelperBlazor.csproj", "{9E22CB47-772A-499A-B9CA-544A13850305}"
EndProject
Global
	GlobalSection(SolutionConfigurationPlatforms) = preSolution
		Debug|Any CPU = Debug|Any CPU
		Release|Any CPU = Release|Any CPU
	EndGlobalSection
	GlobalSection(ProjectConfigurationPlatforms) = postSolution
		{9E22CB47-772A-499A-B9CA-544A13850305}.Debug|Any CPU.ActiveCfg = Debug|Any CPU
		{9E22CB47-772A-499A-B9CA-544A13850305}.Debug|Any CPU.Build.0 = Debug|Any CPU
		{9E22CB47-772A-499A-B9CA-544A13850305}.Release|Any CPU.ActiveCfg = Release|Any CPU
		{9E22CB47-772A-499A-B9CA-544A13850305}.Release|Any CPU.Build.0 = Release|Any CPU
	EndGlobalSection
	GlobalSection(SolutionProperties) = preSolution
		HideSolutionNode = FALSE
	EndGlobalSection
	GlobalSection(ExtensibilityGlobals) = postSolution
		SolutionGuid = {EE782069-AA81-4A79-BA08-868F5BCE72F2}
	EndGlobalSection
EndGlobal
